// !$*UTF8*$!
{
	archiveVersion = 1;
	classes = {
	};
	objectVersion = 46;
	objects = {

/* Begin PBXBuildFile section */
		D90B60ED19CA4918001E5462 /* main.m in Sources */ = {isa = PBXBuildFile; fileRef = D90B60EC19CA4918001E5462 /* main.m */; };
		D90B60F019CA4918001E5462 /* AppDelegate.m in Sources */ = {isa = PBXBuildFile; fileRef = D90B60EF19CA4918001E5462 /* AppDelegate.m */; };
		D90B60F319CA4918001E5462 /* ViewController.m in Sources */ = {isa = PBXBuildFile; fileRef = D90B60F219CA4918001E5462 /* ViewController.m */; };
		D90B60F619CA4918001E5462 /* Main.storyboard in Resources */ = {isa = PBXBuildFile; fileRef = D90B60F419CA4918001E5462 /* Main.storyboard */; };
		D90B60F819CA4918001E5462 /* Images.xcassets in Resources */ = {isa = PBXBuildFile; fileRef = D90B60F719CA4918001E5462 /* Images.xcassets */; };
		D90B60FB19CA4918001E5462 /* LaunchScreen.xib in Resources */ = {isa = PBXBuildFile; fileRef = D90B60F919CA4918001E5462 /* LaunchScreen.xib */; };
		D90B610719CA4918001E5462 /* gen_posix_lock_objTests.m in Sources */ = {isa = PBXBuildFile; fileRef = D90B610619CA4918001E5462 /* gen_posix_lock_objTests.m */; };
/* End PBXBuildFile section */

/* Begin PBXContainerItemProxy section */
		D90B610119CA4918001E5462 /* PBXContainerItemProxy */ = {
			isa = PBXContainerItemProxy;
			containerPortal = D90B60DF19CA4918001E5462 /* Project object */;
			proxyType = 1;
			remoteGlobalIDString = D90B60E619CA4918001E5462;
			remoteInfo = "gen-posix-lock-obj";
		};
/* End PBXContainerItemProxy section */

/* Begin PBXFileReference section */
		D90B60E719CA4918001E5462 /* gen-posix-lock-obj.app */ = {isa = PBXFileReference; explicitFileType = wrapper.application; includeInIndex = 0; path = "gen-posix-lock-obj.app"; sourceTree = BUILT_PRODUCTS_DIR; };
		D90B60EB19CA4918001E5462 /* Info.plist */ = {isa = PBXFileReference; lastKnownFileType = text.plist.xml; path = Info.plist; sourceTree = "<group>"; };
		D90B60EC19CA4918001E5462 /* main.m */ = {isa = PBXFileReference; lastKnownFileType = sourcecode.c.objc; path = main.m; sourceTree = "<group>"; };
		D90B60EE19CA4918001E5462 /* AppDelegate.h */ = {isa = PBXFileReference; lastKnownFileType = sourcecode.c.h; path = AppDelegate.h; sourceTree = "<group>"; };
		D90B60EF19CA4918001E5462 /* AppDelegate.m */ = {isa = PBXFileReference; lastKnownFileType = sourcecode.c.objc; path = AppDelegate.m; sourceTree = "<group>"; };
		D90B60F119CA4918001E5462 /* ViewController.h */ = {isa = PBXFileReference; lastKnownFileType = sourcecode.c.h; path = ViewController.h; sourceTree = "<group>"; };
		D90B60F219CA4918001E5462 /* ViewController.m */ = {isa = PBXFileReference; lastKnownFileType = sourcecode.c.objc; path = ViewController.m; sourceTree = "<group>"; };
		D90B60F519CA4918001E5462 /* Base */ = {isa = PBXFileReference; lastKnownFileType = file.storyboard; name = Base; path = Base.lproj/Main.storyboard; sourceTree = "<group>"; };
		D90B60F719CA4918001E5462 /* Images.xcassets */ = {isa = PBXFileReference; lastKnownFileType = folder.assetcatalog; path = Images.xcassets; sourceTree = "<group>"; };
		D90B60FA19CA4918001E5462 /* Base */ = {isa = PBXFileReference; lastKnownFileType = file.xib; name = Base; path = Base.lproj/LaunchScreen.xib; sourceTree = "<group>"; };
		D90B610019CA4918001E5462 /* gen-posix-lock-objTests.xctest */ = {isa = PBXFileReference; explicitFileType = wrapper.cfbundle; includeInIndex = 0; path = "gen-posix-lock-objTests.xctest"; sourceTree = BUILT_PRODUCTS_DIR; };
		D90B610519CA4918001E5462 /* Info.plist */ = {isa = PBXFileReference; lastKnownFileType = text.plist.xml; path = Info.plist; sourceTree = "<group>"; };
		D90B610619CA4918001E5462 /* gen_posix_lock_objTests.m */ = {isa = PBXFileReference; lastKnownFileType = sourcecode.c.objc; path = gen_posix_lock_objTests.m; sourceTree = "<group>"; };
/* End PBXFileReference section */

/* Begin PBXFrameworksBuildPhase section */
		D90B60E419CA4918001E5462 /* Frameworks */ = {
			isa = PBXFrameworksBuildPhase;
			buildActionMask = 2147483647;
			files = (
			);
			runOnlyForDeploymentPostprocessing = 0;
		};
		D90B60FD19CA4918001E5462 /* Frameworks */ = {
			isa = PBXFrameworksBuildPhase;
			buildActionMask = 2147483647;
			files = (
			);
			runOnlyForDeploymentPostprocessing = 0;
		};
/* End PBXFrameworksBuildPhase section */

/* Begin PBXGroup section */
		D90B60DE19CA4918001E5462 = {
			isa = PBXGroup;
			children = (
				D90B60E919CA4918001E5462 /* gen-posix-lock-obj */,
				D90B610319CA4918001E5462 /* gen-posix-lock-objTests */,
				D90B60E819CA4918001E5462 /* Products */,
			);
			sourceTree = "<group>";
		};
		D90B60E819CA4918001E5462 /* Products */ = {
			isa = PBXGroup;
			children = (
				D90B60E719CA4918001E5462 /* gen-posix-lock-obj.app */,
				D90B610019CA4918001E5462 /* gen-posix-lock-objTests.xctest */,
			);
			name = Products;
			sourceTree = "<group>";
		};
		D90B60E919CA4918001E5462 /* gen-posix-lock-obj */ = {
			isa = PBXGroup;
			children = (
				D90B60EE19CA4918001E5462 /* AppDelegate.h */,
				D90B60EF19CA4918001E5462 /* AppDelegate.m */,
				D90B60F119CA4918001E5462 /* ViewController.h */,
				D90B60F219CA4918001E5462 /* ViewController.m */,
				D90B60F419CA4918001E5462 /* Main.storyboard */,
				D90B60F719CA4918001E5462 /* Images.xcassets */,
				D90B60F919CA4918001E5462 /* LaunchScreen.xib */,
				D90B60EA19CA4918001E5462 /* Supporting Files */,
			);
			path = "gen-posix-lock-obj";
			sourceTree = "<group>";
		};
		D90B60EA19CA4918001E5462 /* Supporting Files */ = {
			isa = PBXGroup;
			children = (
				D90B60EB19CA4918001E5462 /* Info.plist */,
				D90B60EC19CA4918001E5462 /* main.m */,
			);
			name = "Supporting Files";
			sourceTree = "<group>";
		};
		D90B610319CA4918001E5462 /* gen-posix-lock-objTests */ = {
			isa = PBXGroup;
			children = (
				D90B610619CA4918001E5462 /* gen_posix_lock_objTests.m */,
				D90B610419CA4918001E5462 /* Supporting Files */,
			);
			path = "gen-posix-lock-objTests";
			sourceTree = "<group>";
		};
		D90B610419CA4918001E5462 /* Supporting Files */ = {
			isa = PBXGroup;
			children = (
				D90B610519CA4918001E5462 /* Info.plist */,
			);
			name = "Supporting Files";
			sourceTree = "<group>";
		};
/* End PBXGroup section */

/* Begin PBXNativeTarget section */
		D90B60E619CA4918001E5462 /* gen-posix-lock-obj */ = {
			isa = PBXNativeTarget;
			buildConfigurationList = D90B610A19CA4918001E5462 /* Build configuration list for PBXNativeTarget "gen-posix-lock-obj" */;
			buildPhases = (
				D90B60E319CA4918001E5462 /* Sources */,
				D90B60E419CA4918001E5462 /* Frameworks */,
				D90B60E519CA4918001E5462 /* Resources */,
			);
			buildRules = (
			);
			dependencies = (
			);
			name = "gen-posix-lock-obj";
			productName = "gen-posix-lock-obj";
			productReference = D90B60E719CA4918001E5462 /* gen-posix-lock-obj.app */;
			productType = "com.apple.product-type.application";
		};
		D90B60FF19CA4918001E5462 /* gen-posix-lock-objTests */ = {
			isa = PBXNativeTarget;
			buildConfigurationList = D90B610D19CA4918001E5462 /* Build configuration list for PBXNativeTarget "gen-posix-lock-objTests" */;
			buildPhases = (
				D90B60FC19CA4918001E5462 /* Sources */,
				D90B60FD19CA4918001E5462 /* Frameworks */,
				D90B60FE19CA4918001E5462 /* Resources */,
			);
			buildRules = (
			);
			dependencies = (
				D90B610219CA4918001E5462 /* PBXTargetDependency */,
			);
			name = "gen-posix-lock-objTests";
			productName = "gen-posix-lock-objTests";
			productReference = D90B610019CA4918001E5462 /* gen-posix-lock-objTests.xctest */;
			productType = "com.apple.product-type.bundle.unit-test";
		};
/* End PBXNativeTarget section */

/* Begin PBXProject section */
		D90B60DF19CA4918001E5462 /* Project object */ = {
			isa = PBXProject;
			attributes = {
				LastUpgradeCheck = 0600;
				ORGANIZATIONNAME = "Christopher Ballinger";
				TargetAttributes = {
					D90B60E619CA4918001E5462 = {
						CreatedOnToolsVersion = 6.0.1;
					};
					D90B60FF19CA4918001E5462 = {
						CreatedOnToolsVersion = 6.0.1;
						TestTargetID = D90B60E619CA4918001E5462;
					};
				};
			};
			buildConfigurationList = D90B60E219CA4918001E5462 /* Build configuration list for PBXProject "gen-posix-lock-obj" */;
			compatibilityVersion = "Xcode 3.2";
			developmentRegion = English;
			hasScannedForEncodings = 0;
			knownRegions = (
				en,
				Base,
			);
			mainGroup = D90B60DE19CA4918001E5462;
			productRefGroup = D90B60E819CA4918001E5462 /* Products */;
			projectDirPath = "";
			projectRoot = "";
			targets = (
				D90B60E619CA4918001E5462 /* gen-posix-lock-obj */,
				D90B60FF19CA4918001E5462 /* gen-posix-lock-objTests */,
			);
		};
/* End PBXProject section */

/* Begin PBXResourcesBuildPhase section */
		D90B60E519CA4918001E5462 /* Resources */ = {
			isa = PBXResourcesBuildPhase;
			buildActionMask = 2147483647;
			files = (
				D90B60F619CA4918001E5462 /* Main.storyboard in Resources */,
				D90B60FB19CA4918001E5462 /* LaunchScreen.xib in Resources */,
				D90B60F819CA4918001E5462 /* Images.xcassets in Resources */,
			);
			runOnlyForDeploymentPostprocessing = 0;
		};
		D90B60FE19CA4918001E5462 /* Resources */ = {
			isa = PBXResourcesBuildPhase;
			buildActionMask = 2147483647;
			files = (
			);
			runOnlyForDeploymentPostprocessing = 0;
		};
/* End PBXResourcesBuildPhase section */

/* Begin PBXSourcesBuildPhase section */
		D90B60E319CA4918001E5462 /* Sources */ = {
			isa = PBXSourcesBuildPhase;
			buildActionMask = 2147483647;
			files = (
				D90B60F319CA4918001E5462 /* ViewController.m in Sources */,
				D90B60F019CA4918001E5462 /* AppDelegate.m in Sources */,
				D90B60ED19CA4918001E5462 /* main.m in Sources */,
			);
			runOnlyForDeploymentPostprocessing = 0;
		};
		D90B60FC19CA4918001E5462 /* Sources */ = {
			isa = PBXSourcesBuildPhase;
			buildActionMask = 2147483647;
			files = (
				D90B610719CA4918001E5462 /* gen_posix_lock_objTests.m in Sources */,
			);
			runOnlyForDeploymentPostprocessing = 0;
		};
/* End PBXSourcesBuildPhase section */

/* Begin PBXTargetDependency section */
		D90B610219CA4918001E5462 /* PBXTargetDependency */ = {
			isa = PBXTargetDependency;
			target = D90B60E619CA4918001E5462 /* gen-posix-lock-obj */;
			targetProxy = D90B610119CA4918001E5462 /* PBXContainerItemProxy */;
		};
/* End PBXTargetDependency section */

/* Begin PBXVariantGroup section */
		D90B60F419CA4918001E5462 /* Main.storyboard */ = {
			isa = PBXVariantGroup;
			children = (
				D90B60F519CA4918001E5462 /* Base */,
			);
			name = Main.storyboard;
			sourceTree = "<group>";
		};
		D90B60F919CA4918001E5462 /* LaunchScreen.xib */ = {
			isa = PBXVariantGroup;
			children = (
				D90B60FA19CA4918001E5462 /* Base */,
			);
			name = LaunchScreen.xib;
			sourceTree = "<group>";
		};
/* End PBXVariantGroup section */

/* Begin XCBuildConfiguration section */
		D90B610819CA4918001E5462 /* Debug */ = {
			isa = XCBuildConfiguration;
			buildSettings = {
				ALWAYS_SEARCH_USER_PATHS = NO;
				CLANG_CXX_LANGUAGE_STANDARD = "gnu++0x";
				CLANG_CXX_LIBRARY = "libc++";
				CLANG_ENABLE_MODULES = YES;
				CLANG_ENABLE_OBJC_ARC = YES;
				CLANG_WARN_BOOL_CONVERSION = YES;
				CLANG_WARN_CONSTANT_CONVERSION = YES;
				CLANG_WARN_DIRECT_OBJC_ISA_USAGE = YES_ERROR;
				CLANG_WARN_EMPTY_BODY = YES;
				CLANG_WARN_ENUM_CONVERSION = YES;
				CLANG_WARN_INT_CONVERSION = YES;
				CLANG_WARN_OBJC_ROOT_CLASS = YES_ERROR;
				CLANG_WARN_UNREACHABLE_CODE = YES;
				CLANG_WARN__DUPLICATE_METHOD_MATCH = YES;
				"CODE_SIGN_IDENTITY[sdk=iphoneos*]" = "iPhone Developer";
				COPY_PHASE_STRIP = NO;
				ENABLE_STRICT_OBJC_MSGSEND = YES;
				GCC_C_LANGUAGE_STANDARD = gnu99;
				GCC_DYNAMIC_NO_PIC = NO;
				GCC_OPTIMIZATION_LEVEL = 0;
				GCC_PREPROCESSOR_DEFINITIONS = (
					"DEBUG=1",
					"$(inherited)",
				);
				GCC_SYMBOLS_PRIVATE_EXTERN = NO;
				GCC_WARN_64_TO_32_BIT_CONVERSION = YES;
				GCC_WARN_ABOUT_RETURN_TYPE = YES_ERROR;
				GCC_WARN_UNDECLARED_SELECTOR = YES;
				GCC_WARN_UNINITIALIZED_AUTOS = YES_AGGRESSIVE;
				GCC_WARN_UNUSED_FUNCTION = YES;
				GCC_WARN_UNUSED_VARIABLE = YES;
				IPHONEOS_DEPLOYMENT_TARGET = 8.0;
				MTL_ENABLE_DEBUG_INFO = YES;
				ONLY_ACTIVE_ARCH = YES;
				SDKROOT = iphoneos;
				TARGETED_DEVICE_FAMILY = "1,2";
			};
			name = Debug;
		};
		D90B610919CA4918001E5462 /* Release */ = {
			isa = XCBuildConfiguration;
			buildSettings = {
				ALWAYS_SEARCH_USER_PATHS = NO;
				CLANG_CXX_LANGUAGE_STANDARD = "gnu++0x";
				CLANG_CXX_LIBRARY = "libc++";
				CLANG_ENABLE_MODULES = YES;
				CLANG_ENABLE_OBJC_ARC = YES;
				CLANG_WARN_BOOL_CONVERSION = YES;
				CLANG_WARN_CONSTANT_CONVERSION = YES;
				CLANG_WARN_DIRECT_OBJC_ISA_USAGE = YES_ERROR;
				CLANG_WARN_EMPTY_BODY = YES;
				CLANG_WARN_ENUM_CONVERSION = YES;
				CLANG_WARN_INT_CONVERSION = YES;
				CLANG_WARN_OBJC_ROOT_CLASS = YES_ERROR;
				CLANG_WARN_UNREACHABLE_CODE = YES;
				CLANG_WARN__DUPLICATE_METHOD_MATCH = YES;
				"CODE_SIGN_IDENTITY[sdk=iphoneos*]" = "iPhone Developer";
				COPY_PHASE_STRIP = YES;
				ENABLE_NS_ASSERTIONS = NO;
				ENABLE_STRICT_OBJC_MSGSEND = YES;
				GCC_C_LANGUAGE_STANDARD = gnu99;
				GCC_WARN_64_TO_32_BIT_CONVERSION = YES;
				GCC_WARN_ABOUT_RETURN_TYPE = YES_ERROR;
				GCC_WARN_UNDECLARED_SELECTOR = YES;
				GCC_WARN_UNINITIALIZED_AUTOS = YES_AGGRESSIVE;
				GCC_WARN_UNUSED_FUNCTION = YES;
				GCC_WARN_UNUSED_VARIABLE = YES;
				IPHONEOS_DEPLOYMENT_TARGET = 8.0;
				MTL_ENABLE_DEBUG_INFO = NO;
				SDKROOT = iphoneos;
				TARGETED_DEVICE_FAMILY = "1,2";
				VALIDATE_PRODUCT = YES;
			};
			name = Release;
		};
		D90B610B19CA4918001E5462 /* Debug */ = {
			isa = XCBuildConfiguration;
			buildSettings = {
				ASSETCATALOG_COMPILER_APPICON_NAME = AppIcon;
				INFOPLIST_FILE = "gen-posix-lock-obj/Info.plist";
				LD_RUNPATH_SEARCH_PATHS = "$(inherited) @executable_path/Frameworks";
				PRODUCT_NAME = "$(TARGET_NAME)";
			};
			name = Debug;
		};
		D90B610C19CA4918001E5462 /* Release */ = {
			isa = XCBuildConfiguration;
			buildSettings = {
				ASSETCATALOG_COMPILER_APPICON_NAME = AppIcon;
				INFOPLIST_FILE = "gen-posix-lock-obj/Info.plist";
				LD_RUNPATH_SEARCH_PATHS = "$(inherited) @executable_path/Frameworks";
				PRODUCT_NAME = "$(TARGET_NAME)";
			};
			name = Release;
		};
		D90B610E19CA4918001E5462 /* Debug */ = {
			isa = XCBuildConfiguration;
			buildSettings = {
				BUNDLE_LOADER = "$(TEST_HOST)";
				FRAMEWORK_SEARCH_PATHS = (
					"$(SDKROOT)/Developer/Library/Frameworks",
					"$(inherited)",
				);
				GCC_PREPROCESSOR_DEFINITIONS = (
					"DEBUG=1",
					"$(inherited)",
				);
				INFOPLIST_FILE = "gen-posix-lock-objTests/Info.plist";
				LD_RUNPATH_SEARCH_PATHS = "$(inherited) @executable_path/Frameworks @loader_path/Frameworks";
				PRODUCT_NAME = "$(TARGET_NAME)";
				TEST_HOST = "$(BUILT_PRODUCTS_DIR)/gen-posix-lock-obj.app/gen-posix-lock-obj";
			};
			name = Debug;
		};
		D90B610F19CA4918001E5462 /* Release */ = {
			isa = XCBuildConfiguration;
			buildSettings = {
				BUNDLE_LOADER = "$(TEST_HOST)";
				FRAMEWORK_SEARCH_PATHS = (
					"$(SDKROOT)/Developer/Library/Frameworks",
					"$(inherited)",
				);
				INFOPLIST_FILE = "gen-posix-lock-objTests/Info.plist";
				LD_RUNPATH_SEARCH_PATHS = "$(inherited) @executable_path/Frameworks @loader_path/Frameworks";
				PRODUCT_NAME = "$(TARGET_NAME)";
				TEST_HOST = "$(BUILT_PRODUCTS_DIR)/gen-posix-lock-obj.app/gen-posix-lock-obj";
			};
			name = Release;
		};
/* End XCBuildConfiguration section */

/* Begin XCConfigurationList section */
		D90B60E219CA4918001E5462 /* Build configuration list for PBXProject "gen-posix-lock-obj" */ = {
			isa = XCConfigurationList;
			buildConfigurations = (
				D90B610819CA4918001E5462 /* Debug */,
				D90B610919CA4918001E5462 /* Release */,
			);
			defaultConfigurationIsVisible = 0;
			defaultConfigurationName = Release;
		};
		D90B610A19CA4918001E5462 /* Build configuration list for PBXNativeTarget "gen-posix-lock-obj" */ = {
			isa = XCConfigurationList;
			buildConfigurations = (
				D90B610B19CA4918001E5462 /* Debug */,
				D90B610C19CA4918001E5462 /* Release */,
			);
			defaultConfigurationIsVisible = 0;
		};
		D90B610D19CA4918001E5462 /* Build configuration list for PBXNativeTarget "gen-posix-lock-objTests" */ = {
			isa = XCConfigurationList;
			buildConfigurations = (
				D90B610E19CA4918001E5462 /* Debug */,
				D90B610F19CA4918001E5462 /* Release */,
			);
			defaultConfigurationIsVisible = 0;
		};
/* End XCConfigurationList section */
	};
	rootObject = D90B60DF19CA4918001E5462 /* Project object */;
}
